
Microsoft Visual Studio Solution File, Format Version 12.00
Project("{FAE04EC0-301F-11D3-BF4B-00C04F79EFBC}") = "Yatzy", "Yatzy\Yatzy.csproj", "{0D78EE27-4056-4816-8BF8-3C1660140285}"
EndProject
Project("{FAE04EC0-301F-11D3-BF4B-00C04F79EFBC}") = "YatzyTests", "YatzyTests\YatzyTests.csproj", "{AF651155-61ED-4230-A786-49B993F3D435}"
EndProject
Global
	GlobalSection(SolutionConfigurationPlatforms) = preSolution
		Debug|Any CPU = Debug|Any CPU
		Release|Any CPU = Release|Any CPU
	EndGlobalSection
	GlobalSection(ProjectConfigurationPlatforms) = postSolution
		{0D78EE27-4056-4816-8BF8-3C1660140285}.Debug|Any CPU.ActiveCfg = Debug|Any CPU
		{0D78EE27-4056-4816-8BF8-3C1660140285}.Debug|Any CPU.Build.0 = Debug|Any CPU
		{0D78EE27-4056-4816-8BF8-3C1660140285}.Release|Any CPU.ActiveCfg = Release|Any CPU
		{0D78EE27-4056-4816-8BF8-3C1660140285}.Release|Any CPU.Build.0 = Release|Any CPU
		{AF651155-61ED-4230-A786-49B993F3D435}.Debug|Any CPU.ActiveCfg = Debug|Any CPU
		{AF651155-61ED-4230-A786-49B993F3D435}.Debug|Any CPU.Build.0 = Debug|Any CPU
		{AF651155-61ED-4230-A786-49B993F3D435}.Release|Any CPU.ActiveCfg = Release|Any CPU
		{AF651155-61ED-4230-A786-49B993F3D435}.Release|Any CPU.Build.0 = Release|Any CPU
	EndGlobalSection
EndGlobal
